
Microsoft Visual Studio Solution File, Format Version 12.00
# Visual Studio Version 17
VisualStudioVersion = 17.0.32112.339
MinimumVisualStudioVersion = 10.0.40219.1
Project("{9A19103F-16F7-4668-BE54-9A1E7A4F7556}") = "Recep", "Recep\Recep.csproj", "{17184781-74EA-42BC-966B-F2982486C4DE}"
EndProject
Project("{9A19103F-16F7-4668-BE54-9A1E7A4F7556}") = "Recep.Tests", "Recep.Tests\Recep.Tests.csproj", "{E2560768-8BFF-482B-BC68-42737E19A21C}"
EndProject
Project("{2150E333-8FDC-42A3-9474-1A3956D46DE8}") = "Solution Items", "Solution Items", "{15C44943-D11F-4E7D-A910-13F18F704249}"
	ProjectSection(SolutionItems) = preProject
		.editorconfig = .editorconfig
	EndProjectSection
EndProject
Project("{9A19103F-16F7-4668-BE54-9A1E7A4F7556}") = "Mini.Wms.MongoDbImplementation", "..\mini-common\Mini.Wms.MongoDbImplementation\Mini.Wms.MongoDbImplementation.csproj", "{AD1ADF12-E899-40CA-8767-D662D1A7BB4F}"
EndProject
Project("{9A19103F-16F7-4668-BE54-9A1E7A4F7556}") = "Mini.Wms.Abstraction", "..\mini-common\Mini.Wms.Abstraction\Mini.Wms.Abstraction.csproj", "{EFA3DA58-F346-47B9-BEE3-5CB1BCEC9526}"
EndProject
Global
	GlobalSection(SolutionConfigurationPlatforms) = preSolution
		Debug|Any CPU = Debug|Any CPU
		Release|Any CPU = Release|Any CPU
	EndGlobalSection
	GlobalSection(ProjectConfigurationPlatforms) = postSolution
		{17184781-74EA-42BC-966B-F2982486C4DE}.Debug|Any CPU.ActiveCfg = Debug|Any CPU
		{17184781-74EA-42BC-966B-F2982486C4DE}.Debug|Any CPU.Build.0 = Debug|Any CPU
		{17184781-74EA-42BC-966B-F2982486C4DE}.Release|Any CPU.ActiveCfg = Release|Any CPU
		{17184781-74EA-42BC-966B-F2982486C4DE}.Release|Any CPU.Build.0 = Release|Any CPU
		{E2560768-8BFF-482B-BC68-42737E19A21C}.Debug|Any CPU.ActiveCfg = Debug|Any CPU
		{E2560768-8BFF-482B-BC68-42737E19A21C}.Debug|Any CPU.Build.0 = Debug|Any CPU
		{E2560768-8BFF-482B-BC68-42737E19A21C}.Release|Any CPU.ActiveCfg = Release|Any CPU
		{E2560768-8BFF-482B-BC68-42737E19A21C}.Release|Any CPU.Build.0 = Release|Any CPU
		{AD1ADF12-E899-40CA-8767-D662D1A7BB4F}.Debug|Any CPU.ActiveCfg = Debug|Any CPU
		{AD1ADF12-E899-40CA-8767-D662D1A7BB4F}.Debug|Any CPU.Build.0 = Debug|Any CPU
		{AD1ADF12-E899-40CA-8767-D662D1A7BB4F}.Release|Any CPU.ActiveCfg = Release|Any CPU
		{AD1ADF12-E899-40CA-8767-D662D1A7BB4F}.Release|Any CPU.Build.0 = Release|Any CPU
		{EFA3DA58-F346-47B9-BEE3-5CB1BCEC9526}.Debug|Any CPU.ActiveCfg = Debug|Any CPU
		{EFA3DA58-F346-47B9-BEE3-5CB1BCEC9526}.Debug|Any CPU.Build.0 = Debug|Any CPU
		{EFA3DA58-F346-47B9-BEE3-5CB1BCEC9526}.Release|Any CPU.ActiveCfg = Release|Any CPU
		{EFA3DA58-F346-47B9-BEE3-5CB1BCEC9526}.Release|Any CPU.Build.0 = Release|Any CPU
	EndGlobalSection
	GlobalSection(SolutionProperties) = preSolution
		HideSolutionNode = FALSE
	EndGlobalSection
	GlobalSection(ExtensibilityGlobals) = postSolution
		SolutionGuid = {2E67BC4C-E5C3-4E0B-B63C-6F0B5B06A5AA}
	EndGlobalSection
EndGlobal
